// !$*UTF8*$!
{
	archiveVersion = 1;
	classes = {
	};
	objectVersion = 46;
	objects = {

/* Begin PBXBuildFile section */
		E82EEA2919C20D6200987AB1 /* Foundation.framework in Frameworks */ = {isa = PBXBuildFile; fileRef = E82EEA2819C20D6200987AB1 /* Foundation.framework */; };
		E82EEA2B19C20D6200987AB1 /* CoreGraphics.framework in Frameworks */ = {isa = PBXBuildFile; fileRef = E82EEA2A19C20D6200987AB1 /* CoreGraphics.framework */; };
		E82EEA2D19C20D6200987AB1 /* UIKit.framework in Frameworks */ = {isa = PBXBuildFile; fileRef = E82EEA2C19C20D6200987AB1 /* UIKit.framework */; };
		E82EEA3319C20D6200987AB1 /* InfoPlist.strings in Resources */ = {isa = PBXBuildFile; fileRef = E82EEA3119C20D6200987AB1 /* InfoPlist.strings */; };
		E82EEA3519C20D6200987AB1 /* main.m in Sources */ = {isa = PBXBuildFile; fileRef = E82EEA3419C20D6200987AB1 /* main.m */; };
		E82EEA3919C20D6200987AB1 /* JPAppDelegate.m in Sources */ = {isa = PBXBuildFile; fileRef = E82EEA3819C20D6200987AB1 /* JPAppDelegate.m */; };
		E82EEA3B19C20D6200987AB1 /* Images.xcassets in Resources */ = {isa = PBXBuildFile; fileRef = E82EEA3A19C20D6200987AB1 /* Images.xcassets */; };
		E82EEA4219C20D6200987AB1 /* XCTest.framework in Frameworks */ = {isa = PBXBuildFile; fileRef = E82EEA4119C20D6200987AB1 /* XCTest.framework */; };
		E82EEA4319C20D6200987AB1 /* Foundation.framework in Frameworks */ = {isa = PBXBuildFile; fileRef = E82EEA2819C20D6200987AB1 /* Foundation.framework */; };
		E82EEA4419C20D6200987AB1 /* UIKit.framework in Frameworks */ = {isa = PBXBuildFile; fileRef = E82EEA2C19C20D6200987AB1 /* UIKit.framework */; };
		E82EEA4C19C20D6200987AB1 /* InfoPlist.strings in Resources */ = {isa = PBXBuildFile; fileRef = E82EEA4A19C20D6200987AB1 /* InfoPlist.strings */; };
		E82EEA4E19C20D6200987AB1 /* ViewTestTests.m in Sources */ = {isa = PBXBuildFile; fileRef = E82EEA4D19C20D6200987AB1 /* ViewTestTests.m */; };
/* End PBXBuildFile section */

/* Begin PBXContainerItemProxy section */
		E82EEA4519C20D6200987AB1 /* PBXContainerItemProxy */ = {
			isa = PBXContainerItemProxy;
			containerPortal = E82EEA1D19C20D6200987AB1 /* Project object */;
			proxyType = 1;
			remoteGlobalIDString = E82EEA2419C20D6200987AB1;
			remoteInfo = ViewTest;
		};
/* End PBXContainerItemProxy section */

/* Begin PBXFileReference section */
		E82EEA2519C20D6200987AB1 /* ViewTest.app */ = {isa = PBXFileReference; explicitFileType = wrapper.application; includeInIndex = 0; path = ViewTest.app; sourceTree = BUILT_PRODUCTS_DIR; };
		E82EEA2819C20D6200987AB1 /* Foundation.framework */ = {isa = PBXFileReference; lastKnownFileType = wrapper.framework; name = Foundation.framework; path = System/Library/Frameworks/Foundation.framework; sourceTree = SDKROOT; };
		E82EEA2A19C20D6200987AB1 /* CoreGraphics.framework */ = {isa = PBXFileReference; lastKnownFileType = wrapper.framework; name = CoreGraphics.framework; path = System/Library/Frameworks/CoreGraphics.framework; sourceTree = SDKROOT; };
		E82EEA2C19C20D6200987AB1 /* UIKit.framework */ = {isa = PBXFileReference; lastKnownFileType = wrapper.framework; name = UIKit.framework; path = System/Library/Frameworks/UIKit.framework; sourceTree = SDKROOT; };
		E82EEA3019C20D6200987AB1 /* ViewTest-Info.plist */ = {isa = PBXFileReference; lastKnownFileType = text.plist.xml; path = "ViewTest-Info.plist"; sourceTree = "<group>"; };
		E82EEA3219C20D6200987AB1 /* en */ = {isa = PBXFileReference; lastKnownFileType = text.plist.strings; name = en; path = en.lproj/InfoPlist.strings; sourceTree = "<group>"; };
		E82EEA3419C20D6200987AB1 /* main.m */ = {isa = PBXFileReference; lastKnownFileType = sourcecode.c.objc; path = main.m; sourceTree = "<group>"; };
		E82EEA3619C20D6200987AB1 /* ViewTest-Prefix.pch */ = {isa = PBXFileReference; lastKnownFileType = sourcecode.c.h; path = "ViewTest-Prefix.pch"; sourceTree = "<group>"; };
		E82EEA3719C20D6200987AB1 /* JPAppDelegate.h */ = {isa = PBXFileReference; lastKnownFileType = sourcecode.c.h; path = JPAppDelegate.h; sourceTree = "<group>"; };
		E82EEA3819C20D6200987AB1 /* JPAppDelegate.m */ = {isa = PBXFileReference; lastKnownFileType = sourcecode.c.objc; path = JPAppDelegate.m; sourceTree = "<group>"; };
		E82EEA3A19C20D6200987AB1 /* Images.xcassets */ = {isa = PBXFileReference; lastKnownFileType = folder.assetcatalog; path = Images.xcassets; sourceTree = "<group>"; };
		E82EEA4019C20D6200987AB1 /* ViewTestTests.xctest */ = {isa = PBXFileReference; explicitFileType = wrapper.cfbundle; includeInIndex = 0; path = ViewTestTests.xctest; sourceTree = BUILT_PRODUCTS_DIR; };
		E82EEA4119C20D6200987AB1 /* XCTest.framework */ = {isa = PBXFileReference; lastKnownFileType = wrapper.framework; name = XCTest.framework; path = Library/Frameworks/XCTest.framework; sourceTree = DEVELOPER_DIR; };
		E82EEA4919C20D6200987AB1 /* ViewTestTests-Info.plist */ = {isa = PBXFileReference; lastKnownFileType = text.plist.xml; path = "ViewTestTests-Info.plist"; sourceTree = "<group>"; };
		E82EEA4B19C20D6200987AB1 /* en */ = {isa = PBXFileReference; lastKnownFileType = text.plist.strings; name = en; path = en.lproj/InfoPlist.strings; sourceTree = "<group>"; };
		E82EEA4D19C20D6200987AB1 /* ViewTestTests.m */ = {isa = PBXFileReference; lastKnownFileType = sourcecode.c.objc; path = ViewTestTests.m; sourceTree = "<group>"; };
/* End PBXFileReference section */

/* Begin PBXFrameworksBuildPhase section */
		E82EEA2219C20D6200987AB1 /* Frameworks */ = {
			isa = PBXFrameworksBuildPhase;
			buildActionMask = 2147483647;
			files = (
				E82EEA2B19C20D6200987AB1 /* CoreGraphics.framework in Frameworks */,
				E82EEA2D19C20D6200987AB1 /* UIKit.framework in Frameworks */,
				E82EEA2919C20D6200987AB1 /* Foundation.framework in Frameworks */,
			);
			runOnlyForDeploymentPostprocessing = 0;
		};
		E82EEA3D19C20D6200987AB1 /* Frameworks */ = {
			isa = PBXFrameworksBuildPhase;
			buildActionMask = 2147483647;
			files = (
				E82EEA4219C20D6200987AB1 /* XCTest.framework in Frameworks */,
				E82EEA4419C20D6200987AB1 /* UIKit.framework in Frameworks */,
				E82EEA4319C20D6200987AB1 /* Foundation.framework in Frameworks */,
			);
			runOnlyForDeploymentPostprocessing = 0;
		};
/* End PBXFrameworksBuildPhase section */

/* Begin PBXGroup section */
		E82EEA1C19C20D6200987AB1 = {
			isa = PBXGroup;
			children = (
				E82EEA2E19C20D6200987AB1 /* ViewTest */,
				E82EEA4719C20D6200987AB1 /* ViewTestTests */,
				E82EEA2719C20D6200987AB1 /* Frameworks */,
				E82EEA2619C20D6200987AB1 /* Products */,
			);
			sourceTree = "<group>";
		};
		E82EEA2619C20D6200987AB1 /* Products */ = {
			isa = PBXGroup;
			children = (
				E82EEA2519C20D6200987AB1 /* ViewTest.app */,
				E82EEA4019C20D6200987AB1 /* ViewTestTests.xctest */,
			);
			name = Products;
			sourceTree = "<group>";
		};
		E82EEA2719C20D6200987AB1 /* Frameworks */ = {
			isa = PBXGroup;
			children = (
				E82EEA2819C20D6200987AB1 /* Foundation.framework */,
				E82EEA2A19C20D6200987AB1 /* CoreGraphics.framework */,
				E82EEA2C19C20D6200987AB1 /* UIKit.framework */,
				E82EEA4119C20D6200987AB1 /* XCTest.framework */,
			);
			name = Frameworks;
			sourceTree = "<group>";
		};
		E82EEA2E19C20D6200987AB1 /* ViewTest */ = {
			isa = PBXGroup;
			children = (
				E82EEA3719C20D6200987AB1 /* JPAppDelegate.h */,
				E82EEA3819C20D6200987AB1 /* JPAppDelegate.m */,
				E82EEA3A19C20D6200987AB1 /* Images.xcassets */,
				E82EEA2F19C20D6200987AB1 /* Supporting Files */,
			);
			path = ViewTest;
			sourceTree = "<group>";
		};
		E82EEA2F19C20D6200987AB1 /* Supporting Files */ = {
			isa = PBXGroup;
			children = (
				E82EEA3019C20D6200987AB1 /* ViewTest-Info.plist */,
				E82EEA3119C20D6200987AB1 /* InfoPlist.strings */,
				E82EEA3419C20D6200987AB1 /* main.m */,
				E82EEA3619C20D6200987AB1 /* ViewTest-Prefix.pch */,
			);
			name = "Supporting Files";
			sourceTree = "<group>";
		};
		E82EEA4719C20D6200987AB1 /* ViewTestTests */ = {
			isa = PBXGroup;
			children = (
				E82EEA4D19C20D6200987AB1 /* ViewTestTests.m */,
				E82EEA4819C20D6200987AB1 /* Supporting Files */,
			);
			path = ViewTestTests;
			sourceTree = "<group>";
		};
		E82EEA4819C20D6200987AB1 /* Supporting Files */ = {
			isa = PBXGroup;
			children = (
				E82EEA4919C20D6200987AB1 /* ViewTestTests-Info.plist */,
				E82EEA4A19C20D6200987AB1 /* InfoPlist.strings */,
			);
			name = "Supporting Files";
			sourceTree = "<group>";
		};
/* End PBXGroup section */

/* Begin PBXNativeTarget section */
		E82EEA2419C20D6200987AB1 /* ViewTest */ = {
			isa = PBXNativeTarget;
			buildConfigurationList = E82EEA5119C20D6200987AB1 /* Build configuration list for PBXNativeTarget "ViewTest" */;
			buildPhases = (
				E82EEA2119C20D6200987AB1 /* Sources */,
				E82EEA2219C20D6200987AB1 /* Frameworks */,
				E82EEA2319C20D6200987AB1 /* Resources */,
			);
			buildRules = (
			);
			dependencies = (
			);
			name = ViewTest;
			productName = ViewTest;
			productReference = E82EEA2519C20D6200987AB1 /* ViewTest.app */;
			productType = "com.apple.product-type.application";
		};
		E82EEA3F19C20D6200987AB1 /* ViewTestTests */ = {
			isa = PBXNativeTarget;
			buildConfigurationList = E82EEA5419C20D6200987AB1 /* Build configuration list for PBXNativeTarget "ViewTestTests" */;
			buildPhases = (
				E82EEA3C19C20D6200987AB1 /* Sources */,
				E82EEA3D19C20D6200987AB1 /* Frameworks */,
				E82EEA3E19C20D6200987AB1 /* Resources */,
			);
			buildRules = (
			);
			dependencies = (
				E82EEA4619C20D6200987AB1 /* PBXTargetDependency */,
			);
			name = ViewTestTests;
			productName = ViewTestTests;
			productReference = E82EEA4019C20D6200987AB1 /* ViewTestTests.xctest */;
			productType = "com.apple.product-type.bundle.unit-test";
		};
/* End PBXNativeTarget section */

/* Begin PBXProject section */
		E82EEA1D19C20D6200987AB1 /* Project object */ = {
			isa = PBXProject;
			attributes = {
				CLASSPREFIX = JP;
				LastUpgradeCheck = 0510;
				ORGANIZATIONNAME = "John Park";
				TargetAttributes = {
					E82EEA3F19C20D6200987AB1 = {
						TestTargetID = E82EEA2419C20D6200987AB1;
					};
				};
			};
			buildConfigurationList = E82EEA2019C20D6200987AB1 /* Build configuration list for PBXProject "ViewTest" */;
			compatibilityVersion = "Xcode 3.2";
			developmentRegion = English;
			hasScannedForEncodings = 0;
			knownRegions = (
				en,
			);
			mainGroup = E82EEA1C19C20D6200987AB1;
			productRefGroup = E82EEA2619C20D6200987AB1 /* Products */;
			projectDirPath = "";
			projectRoot = "";
			targets = (
				E82EEA2419C20D6200987AB1 /* ViewTest */,
				E82EEA3F19C20D6200987AB1 /* ViewTestTests */,
			);
		};
/* End PBXProject section */

/* Begin PBXResourcesBuildPhase section */
		E82EEA2319C20D6200987AB1 /* Resources */ = {
			isa = PBXResourcesBuildPhase;
			buildActionMask = 2147483647;
			files = (
				E82EEA3319C20D6200987AB1 /* InfoPlist.strings in Resources */,
				E82EEA3B19C20D6200987AB1 /* Images.xcassets in Resources */,
			);
			runOnlyForDeploymentPostprocessing = 0;
		};
		E82EEA3E19C20D6200987AB1 /* Resources */ = {
			isa = PBXResourcesBuildPhase;
			buildActionMask = 2147483647;
			files = (
				E82EEA4C19C20D6200987AB1 /* InfoPlist.strings in Resources */,
			);
			runOnlyForDeploymentPostprocessing = 0;
		};
/* End PBXResourcesBuildPhase section */

/* Begin PBXSourcesBuildPhase section */
		E82EEA2119C20D6200987AB1 /* Sources */ = {
			isa = PBXSourcesBuildPhase;
			buildActionMask = 2147483647;
			files = (
				E82EEA3919C20D6200987AB1 /* JPAppDelegate.m in Sources */,
				E82EEA3519C20D6200987AB1 /* main.m in Sources */,
			);
			runOnlyForDeploymentPostprocessing = 0;
		};
		E82EEA3C19C20D6200987AB1 /* Sources */ = {
			isa = PBXSourcesBuildPhase;
			buildActionMask = 2147483647;
			files = (
				E82EEA4E19C20D6200987AB1 /* ViewTestTests.m in Sources */,
			);
			runOnlyForDeploymentPostprocessing = 0;
		};
/* End PBXSourcesBuildPhase section */

/* Begin PBXTargetDependency section */
		E82EEA4619C20D6200987AB1 /* PBXTargetDependency */ = {
			isa = PBXTargetDependency;
			target = E82EEA2419C20D6200987AB1 /* ViewTest */;
			targetProxy = E82EEA4519C20D6200987AB1 /* PBXContainerItemProxy */;
		};
/* End PBXTargetDependency section */

/* Begin PBXVariantGroup section */
		E82EEA3119C20D6200987AB1 /* InfoPlist.strings */ = {
			isa = PBXVariantGroup;
			children = (
				E82EEA3219C20D6200987AB1 /* en */,
			);
			name = InfoPlist.strings;
			sourceTree = "<group>";
		};
		E82EEA4A19C20D6200987AB1 /* InfoPlist.strings */ = {
			isa = PBXVariantGroup;
			children = (
				E82EEA4B19C20D6200987AB1 /* en */,
			);
			name = InfoPlist.strings;
			sourceTree = "<group>";
		};
/* End PBXVariantGroup section */

/* Begin XCBuildConfiguration section */
		E82EEA4F19C20D6200987AB1 /* Debug */ = {
			isa = XCBuildConfiguration;
			buildSettings = {
				ALWAYS_SEARCH_USER_PATHS = NO;
				CLANG_CXX_LANGUAGE_STANDARD = "gnu++0x";
				CLANG_CXX_LIBRARY = "libc++";
				CLANG_ENABLE_MODULES = YES;
				CLANG_ENABLE_OBJC_ARC = YES;
				CLANG_WARN_BOOL_CONVERSION = YES;
				CLANG_WARN_CONSTANT_CONVERSION = YES;
				CLANG_WARN_DIRECT_OBJC_ISA_USAGE = YES_ERROR;
				CLANG_WARN_EMPTY_BODY = YES;
				CLANG_WARN_ENUM_CONVERSION = YES;
				CLANG_WARN_INT_CONVERSION = YES;
				CLANG_WARN_OBJC_ROOT_CLASS = YES_ERROR;
				CLANG_WARN__DUPLICATE_METHOD_MATCH = YES;
				"CODE_SIGN_IDENTITY[sdk=iphoneos*]" = "iPhone Developer";
				COPY_PHASE_STRIP = NO;
				GCC_C_LANGUAGE_STANDARD = gnu99;
				GCC_DYNAMIC_NO_PIC = NO;
				GCC_OPTIMIZATION_LEVEL = 0;
				GCC_PREPROCESSOR_DEFINITIONS = (
					"DEBUG=1",
					"$(inherited)",
				);
				GCC_SYMBOLS_PRIVATE_EXTERN = NO;
				GCC_WARN_64_TO_32_BIT_CONVERSION = YES;
				GCC_WARN_ABOUT_RETURN_TYPE = YES_ERROR;
				GCC_WARN_UNDECLARED_SELECTOR = YES;
				GCC_WARN_UNINITIALIZED_AUTOS = YES_AGGRESSIVE;
				GCC_WARN_UNUSED_FUNCTION = YES;
				GCC_WARN_UNUSED_VARIABLE = YES;
				IPHONEOS_DEPLOYMENT_TARGET = 7.1;
				ONLY_ACTIVE_ARCH = YES;
				SDKROOT = iphoneos;
			};
			name = Debug;
		};
		E82EEA5019C20D6200987AB1 /* Release */ = {
			isa = XCBuildConfiguration;
			buildSettings = {
				ALWAYS_SEARCH_USER_PATHS = NO;
				CLANG_CXX_LANGUAGE_STANDARD = "gnu++0x";
				CLANG_CXX_LIBRARY = "libc++";
				CLANG_ENABLE_MODULES = YES;
				CLANG_ENABLE_OBJC_ARC = YES;
				CLANG_WARN_BOOL_CONVERSION = YES;
				CLANG_WARN_CONSTANT_CONVERSION = YES;
				CLANG_WARN_DIRECT_OBJC_ISA_USAGE = YES_ERROR;
				CLANG_WARN_EMPTY_BODY = YES;
				CLANG_WARN_ENUM_CONVERSION = YES;
				CLANG_WARN_INT_CONVERSION = YES;
				CLANG_WARN_OBJC_ROOT_CLASS = YES_ERROR;
				CLANG_WARN__DUPLICATE_METHOD_MATCH = YES;
				"CODE_SIGN_IDENTITY[sdk=iphoneos*]" = "iPhone Developer";
				COPY_PHASE_STRIP = YES;
				ENABLE_NS_ASSERTIONS = NO;
				GCC_C_LANGUAGE_STANDARD = gnu99;
				GCC_WARN_64_TO_32_BIT_CONVERSION = YES;
				GCC_WARN_ABOUT_RETURN_TYPE = YES_ERROR;
				GCC_WARN_UNDECLARED_SELECTOR = YES;
				GCC_WARN_UNINITIALIZED_AUTOS = YES_AGGRESSIVE;
				GCC_WARN_UNUSED_FUNCTION = YES;
				GCC_WARN_UNUSED_VARIABLE = YES;
				IPHONEOS_DEPLOYMENT_TARGET = 7.1;
				SDKROOT = iphoneos;
				VALIDATE_PRODUCT = YES;
			};
			name = Release;
		};
		E82EEA5219C20D6200987AB1 /* Debug */ = {
			isa = XCBuildConfiguration;
			buildSettings = {
				ASSETCATALOG_COMPILER_APPICON_NAME = AppIcon;
				ASSETCATALOG_COMPILER_LAUNCHIMAGE_NAME = LaunchImage;
				GCC_PRECOMPILE_PREFIX_HEADER = YES;
				GCC_PREFIX_HEADER = "ViewTest/ViewTest-Prefix.pch";
				INFOPLIST_FILE = "ViewTest/ViewTest-Info.plist";
				PRODUCT_NAME = "$(TARGET_NAME)";
				WRAPPER_EXTENSION = app;
			};
			name = Debug;
		};
		E82EEA5319C20D6200987AB1 /* Release */ = {
			isa = XCBuildConfiguration;
			buildSettings = {
				ASSETCATALOG_COMPILER_APPICON_NAME = AppIcon;
				ASSETCATALOG_COMPILER_LAUNCHIMAGE_NAME = LaunchImage;
				GCC_PRECOMPILE_PREFIX_HEADER = YES;
				GCC_PREFIX_HEADER = "ViewTest/ViewTest-Prefix.pch";
				INFOPLIST_FILE = "ViewTest/ViewTest-Info.plist";
				PRODUCT_NAME = "$(TARGET_NAME)";
				WRAPPER_EXTENSION = app;
			};
			name = Release;
		};
		E82EEA5519C20D6200987AB1 /* Debug */ = {
			isa = XCBuildConfiguration;
			buildSettings = {
				BUNDLE_LOADER = "$(BUILT_PRODUCTS_DIR)/ViewTest.app/ViewTest";
				FRAMEWORK_SEARCH_PATHS = (
					"$(SDKROOT)/Developer/Library/Frameworks",
					"$(inherited)",
					"$(DEVELOPER_FRAMEWORKS_DIR)",
				);
				GCC_PRECOMPILE_PREFIX_HEADER = YES;
				GCC_PREFIX_HEADER = "ViewTest/ViewTest-Prefix.pch";
				GCC_PREPROCESSOR_DEFINITIONS = (
					"DEBUG=1",
					"$(inherited)",
				);
				INFOPLIST_FILE = "ViewTestTests/ViewTestTests-Info.plist";
				PRODUCT_NAME = "$(TARGET_NAME)";
				TEST_HOST = "$(BUNDLE_LOADER)";
				WRAPPER_EXTENSION = xctest;
			};
			name = Debug;
		};
		E82EEA5619C20D6200987AB1 /* Release */ = {
			isa = XCBuildConfiguration;
			buildSettings = {
				BUNDLE_LOADER = "$(BUILT_PRODUCTS_DIR)/ViewTest.app/ViewTest";
				FRAMEWORK_SEARCH_PATHS = (
					"$(SDKROOT)/Developer/Library/Frameworks",
					"$(inherited)",
					"$(DEVELOPER_FRAMEWORKS_DIR)",
				);
				GCC_PRECOMPILE_PREFIX_HEADER = YES;
				GCC_PREFIX_HEADER = "ViewTest/ViewTest-Prefix.pch";
				INFOPLIST_FILE = "ViewTestTests/ViewTestTests-Info.plist";
				PRODUCT_NAME = "$(TARGET_NAME)";
				TEST_HOST = "$(BUNDLE_LOADER)";
				WRAPPER_EXTENSION = xctest;
			};
			name = Release;
		};
/* End XCBuildConfiguration section */

/* Begin XCConfigurationList section */
		E82EEA2019C20D6200987AB1 /* Build configuration list for PBXProject "ViewTest" */ = {
			isa = XCConfigurationList;
			buildConfigurations = (
				E82EEA4F19C20D6200987AB1 /* Debug */,
				E82EEA5019C20D6200987AB1 /* Release */,
			);
			defaultConfigurationIsVisible = 0;
			defaultConfigurationName = Release;
		};
		E82EEA5119C20D6200987AB1 /* Build configuration list for PBXNativeTarget "ViewTest" */ = {
			isa = XCConfigurationList;
			buildConfigurations = (
				E82EEA5219C20D6200987AB1 /* Debug */,
				E82EEA5319C20D6200987AB1 /* Release */,
			);
			defaultConfigurationIsVisible = 0;
		};
		E82EEA5419C20D6200987AB1 /* Build configuration list for PBXNativeTarget "ViewTestTests" */ = {
			isa = XCConfigurationList;
			buildConfigurations = (
				E82EEA5519C20D6200987AB1 /* Debug */,
				E82EEA5619C20D6200987AB1 /* Release */,
			);
			defaultConfigurationIsVisible = 0;
		};
/* End XCConfigurationList section */
	};
	rootObject = E82EEA1D19C20D6200987AB1 /* Project object */;
}
